// !$*UTF8*$!
{
	archiveVersion = 1;
	classes = {
	};
	objectVersion = 50;
	objects = {

/* Begin PBXBuildFile section */
		450338D32568FB3600CDA869 /* AppDelegate.swift in Sources */ = {isa = PBXBuildFile; fileRef = 450338D22568FB3600CDA869 /* AppDelegate.swift */; };
		450338D52568FB3600CDA869 /* SceneDelegate.swift in Sources */ = {isa = PBXBuildFile; fileRef = 450338D42568FB3600CDA869 /* SceneDelegate.swift */; };
		450338D72568FB3600CDA869 /* ViewController.swift in Sources */ = {isa = PBXBuildFile; fileRef = 450338D62568FB3600CDA869 /* ViewController.swift */; };
		450338DA2568FB3600CDA869 /* Main.storyboard in Resources */ = {isa = PBXBuildFile; fileRef = 450338D82568FB3600CDA869 /* Main.storyboard */; };
		450338DC2568FB3700CDA869 /* Assets.xcassets in Resources */ = {isa = PBXBuildFile; fileRef = 450338DB2568FB3700CDA869 /* Assets.xcassets */; };
		450338DF2568FB3700CDA869 /* LaunchScreen.storyboard in Resources */ = {isa = PBXBuildFile; fileRef = 450338DD2568FB3700CDA869 /* LaunchScreen.storyboard */; };
		4503390B256A75DE00CDA869 /* question.wav in Resources */ = {isa = PBXBuildFile; fileRef = 4503390A256A75DE00CDA869 /* question.wav */; };
		4503390E256A76E200CDA869 /* welldone.wav in Resources */ = {isa = PBXBuildFile; fileRef = 4503390D256A76E200CDA869 /* welldone.wav */; };
		4503391C256A798100CDA869 /* SAConfettiView.swift in Sources */ = {isa = PBXBuildFile; fileRef = 45033916256A798100CDA869 /* SAConfettiView.swift */; };
/* End PBXBuildFile section */

/* Begin PBXFileReference section */
		450338CF2568FB3600CDA869 /* SpeechRecognition.app */ = {isa = PBXFileReference; explicitFileType = wrapper.application; includeInIndex = 0; path = SpeechRecognition.app; sourceTree = BUILT_PRODUCTS_DIR; };
		450338D22568FB3600CDA869 /* AppDelegate.swift */ = {isa = PBXFileReference; lastKnownFileType = sourcecode.swift; path = AppDelegate.swift; sourceTree = "<group>"; };
		450338D42568FB3600CDA869 /* SceneDelegate.swift */ = {isa = PBXFileReference; lastKnownFileType = sourcecode.swift; path = SceneDelegate.swift; sourceTree = "<group>"; };
		450338D62568FB3600CDA869 /* ViewController.swift */ = {isa = PBXFileReference; lastKnownFileType = sourcecode.swift; path = ViewController.swift; sourceTree = "<group>"; };
		450338D92568FB3600CDA869 /* Base */ = {isa = PBXFileReference; lastKnownFileType = file.storyboard; name = Base; path = Base.lproj/Main.storyboard; sourceTree = "<group>"; };
		450338DB2568FB3700CDA869 /* Assets.xcassets */ = {isa = PBXFileReference; lastKnownFileType = folder.assetcatalog; path = Assets.xcassets; sourceTree = "<group>"; };
		450338DE2568FB3700CDA869 /* Base */ = {isa = PBXFileReference; lastKnownFileType = file.storyboard; name = Base; path = Base.lproj/LaunchScreen.storyboard; sourceTree = "<group>"; };
		450338E02568FB3700CDA869 /* Info.plist */ = {isa = PBXFileReference; lastKnownFileType = text.plist.xml; path = Info.plist; sourceTree = "<group>"; };
		4503390A256A75DE00CDA869 /* question.wav */ = {isa = PBXFileReference; lastKnownFileType = audio.wav; path = question.wav; sourceTree = "<group>"; };
		4503390D256A76E200CDA869 /* welldone.wav */ = {isa = PBXFileReference; lastKnownFileType = audio.wav; path = welldone.wav; sourceTree = "<group>"; };
		45033916256A798100CDA869 /* SAConfettiView.swift */ = {isa = PBXFileReference; fileEncoding = 4; lastKnownFileType = sourcecode.swift; path = SAConfettiView.swift; sourceTree = "<group>"; };
/* End PBXFileReference section */

/* Begin PBXFrameworksBuildPhase section */
		450338CC2568FB3600CDA869 /* Frameworks */ = {
			isa = PBXFrameworksBuildPhase;
			buildActionMask = 2147483647;
			files = (
			);
			runOnlyForDeploymentPostprocessing = 0;
		};
/* End PBXFrameworksBuildPhase section */

/* Begin PBXGroup section */
		450338C62568FB3600CDA869 = {
			isa = PBXGroup;
			children = (
				450338D12568FB3600CDA869 /* SpeechRecognition */,
				450338D02568FB3600CDA869 /* Products */,
			);
			sourceTree = "<group>";
		};
		450338D02568FB3600CDA869 /* Products */ = {
			isa = PBXGroup;
			children = (
				450338CF2568FB3600CDA869 /* SpeechRecognition.app */,
			);
			name = Products;
			sourceTree = "<group>";
		};
		450338D12568FB3600CDA869 /* SpeechRecognition */ = {
			isa = PBXGroup;
			children = (
				45033914256A798100CDA869 /* SAConfettiView */,
				450338E7256A4D2D00CDA869 /* Audio */,
				450338D22568FB3600CDA869 /* AppDelegate.swift */,
				450338D42568FB3600CDA869 /* SceneDelegate.swift */,
				450338D62568FB3600CDA869 /* ViewController.swift */,
				450338D82568FB3600CDA869 /* Main.storyboard */,
				450338DB2568FB3700CDA869 /* Assets.xcassets */,
				450338DD2568FB3700CDA869 /* LaunchScreen.storyboard */,
				450338E02568FB3700CDA869 /* Info.plist */,
			);
			path = SpeechRecognition;
			sourceTree = "<group>";
		};
		450338E7256A4D2D00CDA869 /* Audio */ = {
			isa = PBXGroup;
			children = (
				4503390D256A76E200CDA869 /* welldone.wav */,
				4503390A256A75DE00CDA869 /* question.wav */,
			);
			path = Audio;
			sourceTree = "<group>";
		};
		45033914256A798100CDA869 /* SAConfettiView */ = {
			isa = PBXGroup;
			children = (
				45033915256A798100CDA869 /* Classes */,
			);
			path = SAConfettiView;
			sourceTree = "<group>";
		};
		45033915256A798100CDA869 /* Classes */ = {
			isa = PBXGroup;
			children = (
				45033916256A798100CDA869 /* SAConfettiView.swift */,
			);
			path = Classes;
			sourceTree = "<group>";
		};
/* End PBXGroup section */

/* Begin PBXNativeTarget section */
		450338CE2568FB3600CDA869 /* SpeechRecognition */ = {
			isa = PBXNativeTarget;
			buildConfigurationList = 450338E32568FB3700CDA869 /* Build configuration list for PBXNativeTarget "SpeechRecognition" */;
			buildPhases = (
				450338CB2568FB3600CDA869 /* Sources */,
				450338CC2568FB3600CDA869 /* Frameworks */,
				450338CD2568FB3600CDA869 /* Resources */,
			);
			buildRules = (
			);
			dependencies = (
			);
			name = SpeechRecognition;
			productName = SpeechRecognition;
			productReference = 450338CF2568FB3600CDA869 /* SpeechRecognition.app */;
			productType = "com.apple.product-type.application";
		};
/* End PBXNativeTarget section */

/* Begin PBXProject section */
		450338C72568FB3600CDA869 /* Project object */ = {
			isa = PBXProject;
			attributes = {
				LastSwiftUpdateCheck = 1200;
				LastUpgradeCheck = 1200;
				TargetAttributes = {
					450338CE2568FB3600CDA869 = {
						CreatedOnToolsVersion = 12.0;
					};
				};
			};
			buildConfigurationList = 450338CA2568FB3600CDA869 /* Build configuration list for PBXProject "SpeechRecognition" */;
			compatibilityVersion = "Xcode 9.3";
			developmentRegion = en;
			hasScannedForEncodings = 0;
			knownRegions = (
				en,
				Base,
			);
			mainGroup = 450338C62568FB3600CDA869;
			productRefGroup = 450338D02568FB3600CDA869 /* Products */;
			projectDirPath = "";
			projectRoot = "";
			targets = (
				450338CE2568FB3600CDA869 /* SpeechRecognition */,
			);
		};
/* End PBXProject section */

/* Begin PBXResourcesBuildPhase section */
		450338CD2568FB3600CDA869 /* Resources */ = {
			isa = PBXResourcesBuildPhase;
			buildActionMask = 2147483647;
			files = (
				4503390E256A76E200CDA869 /* welldone.wav in Resources */,
				4503390B256A75DE00CDA869 /* question.wav in Resources */,
				450338DF2568FB3700CDA869 /* LaunchScreen.storyboard in Resources */,
				450338DC2568FB3700CDA869 /* Assets.xcassets in Resources */,
				450338DA2568FB3600CDA869 /* Main.storyboard in Resources */,
			);
			runOnlyForDeploymentPostprocessing = 0;
		};
/* End PBXResourcesBuildPhase section */

/* Begin PBXSourcesBuildPhase section */
		450338CB2568FB3600CDA869 /* Sources */ = {
			isa = PBXSourcesBuildPhase;
			buildActionMask = 2147483647;
			files = (
				450338D72568FB3600CDA869 /* ViewController.swift in Sources */,
				450338D32568FB3600CDA869 /* AppDelegate.swift in Sources */,
				4503391C256A798100CDA869 /* SAConfettiView.swift in Sources */,
				450338D52568FB3600CDA869 /* SceneDelegate.swift in Sources */,
			);
			runOnlyForDeploymentPostprocessing = 0;
		};
/* End PBXSourcesBuildPhase section */

/* Begin PBXVariantGroup section */
		450338D82568FB3600CDA869 /* Main.storyboard */ = {
			isa = PBXVariantGroup;
			children = (
				450338D92568FB3600CDA869 /* Base */,
			);
			name = Main.storyboard;
			sourceTree = "<group>";
		};
		450338DD2568FB3700CDA869 /* LaunchScreen.storyboard */ = {
			isa = PBXVariantGroup;
			children = (
				450338DE2568FB3700CDA869 /* Base */,
			);
			name = LaunchScreen.storyboard;
			sourceTree = "<group>";
		};
/* End PBXVariantGroup section */

/* Begin XCBuildConfiguration section */
		450338E12568FB3700CDA869 /* Debug */ = {
			isa = XCBuildConfiguration;
			buildSettings = {
				ALWAYS_SEARCH_USER_PATHS = NO;
				CLANG_ANALYZER_NONNULL = YES;
				CLANG_ANALYZER_NUMBER_OBJECT_CONVERSION = YES_AGGRESSIVE;
				CLANG_CXX_LANGUAGE_STANDARD = "gnu++14";
				CLANG_CXX_LIBRARY = "libc++";
				CLANG_ENABLE_MODULES = YES;
				CLANG_ENABLE_OBJC_ARC = YES;
				CLANG_ENABLE_OBJC_WEAK = YES;
				CLANG_WARN_BLOCK_CAPTURE_AUTORELEASING = YES;
				CLANG_WARN_BOOL_CONVERSION = YES;
				CLANG_WARN_COMMA = YES;
				CLANG_WARN_CONSTANT_CONVERSION = YES;
				CLANG_WARN_DEPRECATED_OBJC_IMPLEMENTATIONS = YES;
				CLANG_WARN_DIRECT_OBJC_ISA_USAGE = YES_ERROR;
				CLANG_WARN_DOCUMENTATION_COMMENTS = YES;
				CLANG_WARN_EMPTY_BODY = YES;
				CLANG_WARN_ENUM_CONVERSION = YES;
				CLANG_WARN_INFINITE_RECURSION = YES;
				CLANG_WARN_INT_CONVERSION = YES;
				CLANG_WARN_NON_LITERAL_NULL_CONVERSION = YES;
				CLANG_WARN_OBJC_IMPLICIT_RETAIN_SELF = YES;
				CLANG_WARN_OBJC_LITERAL_CONVERSION = YES;
				CLANG_WARN_OBJC_ROOT_CLASS = YES_ERROR;
				CLANG_WARN_QUOTED_INCLUDE_IN_FRAMEWORK_HEADER = YES;
				CLANG_WARN_RANGE_LOOP_ANALYSIS = YES;
				CLANG_WARN_STRICT_PROTOTYPES = YES;
				CLANG_WARN_SUSPICIOUS_MOVE = YES;
				CLANG_WARN_UNGUARDED_AVAILABILITY = YES_AGGRESSIVE;
				CLANG_WARN_UNREACHABLE_CODE = YES;
				CLANG_WARN__DUPLICATE_METHOD_MATCH = YES;
				COPY_PHASE_STRIP = NO;
				DEBUG_INFORMATION_FORMAT = dwarf;
				ENABLE_STRICT_OBJC_MSGSEND = YES;
				ENABLE_TESTABILITY = YES;
				GCC_C_LANGUAGE_STANDARD = gnu11;
				GCC_DYNAMIC_NO_PIC = NO;
				GCC_NO_COMMON_BLOCKS = YES;
				GCC_OPTIMIZATION_LEVEL = 0;
				GCC_PREPROCESSOR_DEFINITIONS = (
					"DEBUG=1",
					"$(inherited)",
				);
				GCC_WARN_64_TO_32_BIT_CONVERSION = YES;
				GCC_WARN_ABOUT_RETURN_TYPE = YES_ERROR;
				GCC_WARN_UNDECLARED_SELECTOR = YES;
				GCC_WARN_UNINITIALIZED_AUTOS = YES_AGGRESSIVE;
				GCC_WARN_UNUSED_FUNCTION = YES;
				GCC_WARN_UNUSED_VARIABLE = YES;
				IPHONEOS_DEPLOYMENT_TARGET = 14.0;
				MTL_ENABLE_DEBUG_INFO = INCLUDE_SOURCE;
				MTL_FAST_MATH = YES;
				ONLY_ACTIVE_ARCH = YES;
				SDKROOT = iphoneos;
				SWIFT_ACTIVE_COMPILATION_CONDITIONS = DEBUG;
				SWIFT_OPTIMIZATION_LEVEL = "-Onone";
			};
			name = Debug;
		};
		450338E22568FB3700CDA869 /* Release */ = {
			isa = XCBuildConfiguration;
			buildSettings = {
				ALWAYS_SEARCH_USER_PATHS = NO;
				CLANG_ANALYZER_NONNULL = YES;
				CLANG_ANALYZER_NUMBER_OBJECT_CONVERSION = YES_AGGRESSIVE;
				CLANG_CXX_LANGUAGE_STANDARD = "gnu++14";
				CLANG_CXX_LIBRARY = "libc++";
				CLANG_ENABLE_MODULES = YES;
				CLANG_ENABLE_OBJC_ARC = YES;
				CLANG_ENABLE_OBJC_WEAK = YES;
				CLANG_WARN_BLOCK_CAPTURE_AUTORELEASING = YES;
				CLANG_WARN_BOOL_CONVERSION = YES;
				CLANG_WARN_COMMA = YES;
				CLANG_WARN_CONSTANT_CONVERSION = YES;
				CLANG_WARN_DEPRECATED_OBJC_IMPLEMENTATIONS = YES;
				CLANG_WARN_DIRECT_OBJC_ISA_USAGE = YES_ERROR;
				CLANG_WARN_DOCUMENTATION_COMMENTS = YES;
				CLANG_WARN_EMPTY_BODY = YES;
				CLANG_WARN_ENUM_CONVERSION = YES;
				CLANG_WARN_INFINITE_RECURSION = YES;
				CLANG_WARN_INT_CONVERSION = YES;
				CLANG_WARN_NON_LITERAL_NULL_CONVERSION = YES;
				CLANG_WARN_OBJC_IMPLICIT_RETAIN_SELF = YES;
				CLANG_WARN_OBJC_LITERAL_CONVERSION = YES;
				CLANG_WARN_OBJC_ROOT_CLASS = YES_ERROR;
				CLANG_WARN_QUOTED_INCLUDE_IN_FRAMEWORK_HEADER = YES;
				CLANG_WARN_RANGE_LOOP_ANALYSIS = YES;
				CLANG_WARN_STRICT_PROTOTYPES = YES;
				CLANG_WARN_SUSPICIOUS_MOVE = YES;
				CLANG_WARN_UNGUARDED_AVAILABILITY = YES_AGGRESSIVE;
				CLANG_WARN_UNREACHABLE_CODE = YES;
				CLANG_WARN__DUPLICATE_METHOD_MATCH = YES;
				COPY_PHASE_STRIP = NO;
				DEBUG_INFORMATION_FORMAT = "dwarf-with-dsym";
				ENABLE_NS_ASSERTIONS = NO;
				ENABLE_STRICT_OBJC_MSGSEND = YES;
				GCC_C_LANGUAGE_STANDARD = gnu11;
				GCC_NO_COMMON_BLOCKS = YES;
				GCC_WARN_64_TO_32_BIT_CONVERSION = YES;
				GCC_WARN_ABOUT_RETURN_TYPE = YES_ERROR;
				GCC_WARN_UNDECLARED_SELECTOR = YES;
				GCC_WARN_UNINITIALIZED_AUTOS = YES_AGGRESSIVE;
				GCC_WARN_UNUSED_FUNCTION = YES;
				GCC_WARN_UNUSED_VARIABLE = YES;
				IPHONEOS_DEPLOYMENT_TARGET = 14.0;
				MTL_ENABLE_DEBUG_INFO = NO;
				MTL_FAST_MATH = YES;
				SDKROOT = iphoneos;
				SWIFT_COMPILATION_MODE = wholemodule;
				SWIFT_OPTIMIZATION_LEVEL = "-O";
				VALIDATE_PRODUCT = YES;
			};
			name = Release;
		};
		450338E42568FB3700CDA869 /* Debug */ = {
			isa = XCBuildConfiguration;
			buildSettings = {
				ASSETCATALOG_COMPILER_APPICON_NAME = AppIcon;
				ASSETCATALOG_COMPILER_GLOBAL_ACCENT_COLOR_NAME = AccentColor;
				CODE_SIGN_STYLE = Automatic;
				DEVELOPMENT_TEAM = RE4YFXSB23;
				INFOPLIST_FILE = SpeechRecognition/Info.plist;
				IPHONEOS_DEPLOYMENT_TARGET = 13.0;
				LD_RUNPATH_SEARCH_PATHS = (
					"$(inherited)",
					"@executable_path/Frameworks",
				);
				PRODUCT_BUNDLE_IDENTIFIER = com.glennposadas.SpeechRecognition;
				PRODUCT_NAME = "$(TARGET_NAME)";
				SWIFT_VERSION = 5.0;
				TARGETED_DEVICE_FAMILY = "1,2";
			};
			name = Debug;
		};
		450338E52568FB3700CDA869 /* Release */ = {
			isa = XCBuildConfiguration;
			buildSettings = {
				ASSETCATALOG_COMPILER_APPICON_NAME = AppIcon;
				ASSETCATALOG_COMPILER_GLOBAL_ACCENT_COLOR_NAME = AccentColor;
				CODE_SIGN_STYLE = Automatic;
				DEVELOPMENT_TEAM = RE4YFXSB23;
				INFOPLIST_FILE = SpeechRecognition/Info.plist;
				IPHONEOS_DEPLOYMENT_TARGET = 13.0;
				LD_RUNPATH_SEARCH_PATHS = (
					"$(inherited)",
					"@executable_path/Frameworks",
				);
				PRODUCT_BUNDLE_IDENTIFIER = com.glennposadas.SpeechRecognition;
				PRODUCT_NAME = "$(TARGET_NAME)";
				SWIFT_VERSION = 5.0;
				TARGETED_DEVICE_FAMILY = "1,2";
			};
			name = Release;
		};
/* End XCBuildConfiguration section */

/* Begin XCConfigurationList section */
		450338CA2568FB3600CDA869 /* Build configuration list for PBXProject "SpeechRecognition" */ = {
			isa = XCConfigurationList;
			buildConfigurations = (
				450338E12568FB3700CDA869 /* Debug */,
				450338E22568FB3700CDA869 /* Release */,
			);
			defaultConfigurationIsVisible = 0;
			defaultConfigurationName = Release;
		};
		450338E32568FB3700CDA869 /* Build configuration list for PBXNativeTarget "SpeechRecognition" */ = {
			isa = XCConfigurationList;
			buildConfigurations = (
				450338E42568FB3700CDA869 /* Debug */,
				450338E52568FB3700CDA869 /* Release */,
			);
			defaultConfigurationIsVisible = 0;
			defaultConfigurationName = Release;
		};
/* End XCConfigurationList section */
	};
	rootObject = 450338C72568FB3600CDA869 /* Project object */;
}
